dependencies:
- name: inference-gateway
  repository: file://../inference-gateway
  version: 0.2.0
- name: rag-service
  repository: file://../rag-service
  version: 0.2.0
- name: ollama
  repository: file://../ollama
  version: 0.2.0
- name: budget-redis
  repository: file://../budget-redis
  version: 0.2.0
- name: qdrant-vector-store
  repository: file://../qdrant-vector-store
  version: 0.2.0
- name: vllm
  repository: file://../vllm
  version: 0.2.0
digest: sha256:9af93e0d486a827b833223e2ed969e8d08cf4a2fca9c65cd52daf82ccee8e490
generated: "2026-10-07T05:46:27.6046786+02:00"
